Microsoft Visual Studio Solution File, Format Version 12.00
Project("{9A19103F-16F7-4668-BE54-9A1E7A4F7556}") = "SendPulse", "SendPulse.csproj", "{85F0D8BA-1A6B-4428-A22E-CB26D30BC347}"
EndProject
Project("{9A19103F-16F7-4668-BE54-9A1E7A4F7556}") = "SendPulse.Api.Abstractions", "src\api\src\Abstractions\SendPulse.Api.Abstractions.csproj", "{A1FAA18A-1C5F-4531-B9EA-6343A96ED056}"
EndProject
Project("{9A19103F-16F7-4668-BE54-9A1E7A4F7556}") = "SendPulse.Api", "src\api\src\Api\SendPulse.Api.csproj", "{DB6E8F09-C063-4EEF-B0E4-52C48FAD043C}"
EndProject
Project("{9A19103F-16F7-4668-BE54-9A1E7A4F7556}") = "SendPulse.Api.HealthCheck", "src\api\src\HealthCheck\SendPulse.Api.HealthCheck.csproj", "{C793EB6B-7CFD-47E1-8A4A-F447C2A90EF8}"
EndProject
Project("{9A19103F-16F7-4668-BE54-9A1E7A4F7556}") = "SendPulse.Api.Models", "src\api\src\Models\SendPulse.Api.Models.csproj", "{81041E07-ACF6-4C03-A68F-1826A3A8810F}"
EndProject
Project("{9A19103F-16F7-4668-BE54-9A1E7A4F7556}") = "SendPulse.Api.All", "src\api\src\SendPulse.Api.All.csproj", "{4B6D5109-A1CD-4D00-921E-73FEB20F24B9}"
EndProject
Project("{9A19103F-16F7-4668-BE54-9A1E7A4F7556}") = "SendPulse.Identity", "src\Identity\SendPulse.Identity.csproj", "{808A04AF-7EDA-4BBD-AFD2-05CE043E9177}"
EndProject
Project("{9A19103F-16F7-4668-BE54-9A1E7A4F7556}") = "Sync", "src\Sync\Sync.csproj", "{BB519E8D-ED89-4AC6-9893-43A6A4081AE1}"
EndProject
Project("{9A19103F-16F7-4668-BE54-9A1E7A4F7556}") = "SendPulse.Telegram", "src\Telegram\SendPulse.Telegram.csproj", "{D649C735-9336-4B7A-AFC5-8BFA0A152D11}"
EndProject
Project("{2150E333-8FDC-42A3-9474-1A3956D46DE8}") = "src", "src", "{8252B9F4-BBBD-4357-BF35-A5FECF57EE90}"
EndProject
Global
	GlobalSection(SolutionConfigurationPlatforms) = preSolution
		Local|Any CPU = Local|Any CPU
		Debug|Any CPU = Debug|Any CPU
		Staging|Any CPU = Staging|Any CPU
		Release|Any CPU = Release|Any CPU
		Testing|Any CPU = Testing|Any CPU
	EndGlobalSection
	GlobalSection(ProjectConfigurationPlatforms) = postSolution
		{85F0D8BA-1A6B-4428-A22E-CB26D30BC347}.Local|Any CPU.ActiveCfg = Local|Any CPU
		{85F0D8BA-1A6B-4428-A22E-CB26D30BC347}.Local|Any CPU.Build.0 = Local|Any CPU
		{85F0D8BA-1A6B-4428-A22E-CB26D30BC347}.Debug|Any CPU.ActiveCfg = Debug|Any CPU
		{85F0D8BA-1A6B-4428-A22E-CB26D30BC347}.Debug|Any CPU.Build.0 = Debug|Any CPU
		{85F0D8BA-1A6B-4428-A22E-CB26D30BC347}.Staging|Any CPU.ActiveCfg = Staging|Any CPU
		{85F0D8BA-1A6B-4428-A22E-CB26D30BC347}.Staging|Any CPU.Build.0 = Staging|Any CPU
		{85F0D8BA-1A6B-4428-A22E-CB26D30BC347}.Release|Any CPU.ActiveCfg = Release|Any CPU
		{85F0D8BA-1A6B-4428-A22E-CB26D30BC347}.Release|Any CPU.Build.0 = Release|Any CPU
		{85F0D8BA-1A6B-4428-A22E-CB26D30BC347}.Testing|Any CPU.ActiveCfg = Testing|Any CPU
		{85F0D8BA-1A6B-4428-A22E-CB26D30BC347}.Testing|Any CPU.Build.0 = Testing|Any CPU
		{A1FAA18A-1C5F-4531-B9EA-6343A96ED056}.Local|Any CPU.ActiveCfg = Local|Any CPU
		{A1FAA18A-1C5F-4531-B9EA-6343A96ED056}.Local|Any CPU.Build.0 = Local|Any CPU
		{A1FAA18A-1C5F-4531-B9EA-6343A96ED056}.Debug|Any CPU.ActiveCfg = Debug|Any CPU
		{A1FAA18A-1C5F-4531-B9EA-6343A96ED056}.Debug|Any CPU.Build.0 = Debug|Any CPU
		{A1FAA18A-1C5F-4531-B9EA-6343A96ED056}.Staging|Any CPU.ActiveCfg = Staging|Any CPU
		{A1FAA18A-1C5F-4531-B9EA-6343A96ED056}.Staging|Any CPU.Build.0 = Staging|Any CPU
		{A1FAA18A-1C5F-4531-B9EA-6343A96ED056}.Release|Any CPU.ActiveCfg = Release|Any CPU
		{A1FAA18A-1C5F-4531-B9EA-6343A96ED056}.Release|Any CPU.Build.0 = Release|Any CPU
		{A1FAA18A-1C5F-4531-B9EA-6343A96ED056}.Testing|Any CPU.ActiveCfg = Testing|Any CPU
		{A1FAA18A-1C5F-4531-B9EA-6343A96ED056}.Testing|Any CPU.Build.0 = Testing|Any CPU
		{DB6E8F09-C063-4EEF-B0E4-52C48FAD043C}.Local|Any CPU.ActiveCfg = Local|Any CPU
		{DB6E8F09-C063-4EEF-B0E4-52C48FAD043C}.Local|Any CPU.Build.0 = Local|Any CPU
		{DB6E8F09-C063-4EEF-B0E4-52C48FAD043C}.Debug|Any CPU.ActiveCfg = Debug|Any CPU
		{DB6E8F09-C063-4EEF-B0E4-52C48FAD043C}.Debug|Any CPU.Build.0 = Debug|Any CPU
		{DB6E8F09-C063-4EEF-B0E4-52C48FAD043C}.Staging|Any CPU.ActiveCfg = Staging|Any CPU
		{DB6E8F09-C063-4EEF-B0E4-52C48FAD043C}.Staging|Any CPU.Build.0 = Staging|Any CPU
		{DB6E8F09-C063-4EEF-B0E4-52C48FAD043C}.Release|Any CPU.ActiveCfg = Release|Any CPU
		{DB6E8F09-C063-4EEF-B0E4-52C48FAD043C}.Release|Any CPU.Build.0 = Release|Any CPU
		{DB6E8F09-C063-4EEF-B0E4-52C48FAD043C}.Testing|Any CPU.ActiveCfg = Testing|Any CPU
		{DB6E8F09-C063-4EEF-B0E4-52C48FAD043C}.Testing|Any CPU.Build.0 = Testing|Any CPU
		{C793EB6B-7CFD-47E1-8A4A-F447C2A90EF8}.Local|Any CPU.ActiveCfg = Local|Any CPU
		{C793EB6B-7CFD-47E1-8A4A-F447C2A90EF8}.Local|Any CPU.Build.0 = Local|Any CPU
		{C793EB6B-7CFD-47E1-8A4A-F447C2A90EF8}.Debug|Any CPU.ActiveCfg = Debug|Any CPU
		{C793EB6B-7CFD-47E1-8A4A-F447C2A90EF8}.Debug|Any CPU.Build.0 = Debug|Any CPU
		{C793EB6B-7CFD-47E1-8A4A-F447C2A90EF8}.Staging|Any CPU.ActiveCfg = Staging|Any CPU
		{C793EB6B-7CFD-47E1-8A4A-F447C2A90EF8}.Staging|Any CPU.Build.0 = Staging|Any CPU
		{C793EB6B-7CFD-47E1-8A4A-F447C2A90EF8}.Release|Any CPU.ActiveCfg = Release|Any CPU
		{C793EB6B-7CFD-47E1-8A4A-F447C2A90EF8}.Release|Any CPU.Build.0 = Release|Any CPU
		{C793EB6B-7CFD-47E1-8A4A-F447C2A90EF8}.Testing|Any CPU.ActiveCfg = Testing|Any CPU
		{C793EB6B-7CFD-47E1-8A4A-F447C2A90EF8}.Testing|Any CPU.Build.0 = Testing|Any CPU
		{81041E07-ACF6-4C03-A68F-1826A3A8810F}.Local|Any CPU.ActiveCfg = Local|Any CPU
		{81041E07-ACF6-4C03-A68F-1826A3A8810F}.Local|Any CPU.Build.0 = Local|Any CPU
		{81041E07-ACF6-4C03-A68F-1826A3A8810F}.Debug|Any CPU.ActiveCfg = Debug|Any CPU
		{81041E07-ACF6-4C03-A68F-1826A3A8810F}.Debug|Any CPU.Build.0 = Debug|Any CPU
		{81041E07-ACF6-4C03-A68F-1826A3A8810F}.Staging|Any CPU.ActiveCfg = Staging|Any CPU
		{81041E07-ACF6-4C03-A68F-1826A3A8810F}.Staging|Any CPU.Build.0 = Staging|Any CPU
		{81041E07-ACF6-4C03-A68F-1826A3A8810F}.Release|Any CPU.ActiveCfg = Release|Any CPU
		{81041E07-ACF6-4C03-A68F-1826A3A8810F}.Release|Any CPU.Build.0 = Release|Any CPU
		{81041E07-ACF6-4C03-A68F-1826A3A8810F}.Testing|Any CPU.ActiveCfg = Testing|Any CPU
		{81041E07-ACF6-4C03-A68F-1826A3A8810F}.Testing|Any CPU.Build.0 = Testing|Any CPU
		{4B6D5109-A1CD-4D00-921E-73FEB20F24B9}.Local|Any CPU.ActiveCfg = Local|Any CPU
		{4B6D5109-A1CD-4D00-921E-73FEB20F24B9}.Local|Any CPU.Build.0 = Local|Any CPU
		{4B6D5109-A1CD-4D00-921E-73FEB20F24B9}.Debug|Any CPU.ActiveCfg = Debug|Any CPU
		{4B6D5109-A1CD-4D00-921E-73FEB20F24B9}.Debug|Any CPU.Build.0 = Debug|Any CPU
		{4B6D5109-A1CD-4D00-921E-73FEB20F24B9}.Staging|Any CPU.ActiveCfg = Staging|Any CPU
		{4B6D5109-A1CD-4D00-921E-73FEB20F24B9}.Staging|Any CPU.Build.0 = Staging|Any CPU
		{4B6D5109-A1CD-4D00-921E-73FEB20F24B9}.Release|Any CPU.ActiveCfg = Release|Any CPU
		{4B6D5109-A1CD-4D00-921E-73FEB20F24B9}.Release|Any CPU.Build.0 = Release|Any CPU
		{4B6D5109-A1CD-4D00-921E-73FEB20F24B9}.Testing|Any CPU.ActiveCfg = Testing|Any CPU
		{4B6D5109-A1CD-4D00-921E-73FEB20F24B9}.Testing|Any CPU.Build.0 = Testing|Any CPU
		{808A04AF-7EDA-4BBD-AFD2-05CE043E9177}.Local|Any CPU.ActiveCfg = Local|Any CPU
		{808A04AF-7EDA-4BBD-AFD2-05CE043E9177}.Local|Any CPU.Build.0 = Local|Any CPU
		{808A04AF-7EDA-4BBD-AFD2-05CE043E9177}.Debug|Any CPU.ActiveCfg = Debug|Any CPU
		{808A04AF-7EDA-4BBD-AFD2-05CE043E9177}.Debug|Any CPU.Build.0 = Debug|Any CPU
		{808A04AF-7EDA-4BBD-AFD2-05CE043E9177}.Staging|Any CPU.ActiveCfg = Staging|Any CPU
		{808A04AF-7EDA-4BBD-AFD2-05CE043E9177}.Staging|Any CPU.Build.0 = Staging|Any CPU
		{808A04AF-7EDA-4BBD-AFD2-05CE043E9177}.Release|Any CPU.ActiveCfg = Release|Any CPU
		{808A04AF-7EDA-4BBD-AFD2-05CE043E9177}.Release|Any CPU.Build.0 = Release|Any CPU
		{808A04AF-7EDA-4BBD-AFD2-05CE043E9177}.Testing|Any CPU.ActiveCfg = Testing|Any CPU
		{808A04AF-7EDA-4BBD-AFD2-05CE043E9177}.Testing|Any CPU.Build.0 = Testing|Any CPU
		{BB519E8D-ED89-4AC6-9893-43A6A4081AE1}.Local|Any CPU.ActiveCfg = Local|Any CPU
		{BB519E8D-ED89-4AC6-9893-43A6A4081AE1}.Local|Any CPU.Build.0 = Local|Any CPU
		{BB519E8D-ED89-4AC6-9893-43A6A4081AE1}.Debug|Any CPU.ActiveCfg = Debug|Any CPU
		{BB519E8D-ED89-4AC6-9893-43A6A4081AE1}.Debug|Any CPU.Build.0 = Debug|Any CPU
		{BB519E8D-ED89-4AC6-9893-43A6A4081AE1}.Staging|Any CPU.ActiveCfg = Staging|Any CPU
		{BB519E8D-ED89-4AC6-9893-43A6A4081AE1}.Staging|Any CPU.Build.0 = Staging|Any CPU
		{BB519E8D-ED89-4AC6-9893-43A6A4081AE1}.Release|Any CPU.ActiveCfg = Release|Any CPU
		{BB519E8D-ED89-4AC6-9893-43A6A4081AE1}.Release|Any CPU.Build.0 = Release|Any CPU
		{BB519E8D-ED89-4AC6-9893-43A6A4081AE1}.Testing|Any CPU.ActiveCfg = Testing|Any CPU
		{BB519E8D-ED89-4AC6-9893-43A6A4081AE1}.Testing|Any CPU.Build.0 = Testing|Any CPU
		{D649C735-9336-4B7A-AFC5-8BFA0A152D11}.Local|Any CPU.ActiveCfg = Local|Any CPU
		{D649C735-9336-4B7A-AFC5-8BFA0A152D11}.Local|Any CPU.Build.0 = Local|Any CPU
		{D649C735-9336-4B7A-AFC5-8BFA0A152D11}.Debug|Any CPU.ActiveCfg = Debug|Any CPU
		{D649C735-9336-4B7A-AFC5-8BFA0A152D11}.Debug|Any CPU.Build.0 = Debug|Any CPU
		{D649C735-9336-4B7A-AFC5-8BFA0A152D11}.Staging|Any CPU.ActiveCfg = Staging|Any CPU
		{D649C735-9336-4B7A-AFC5-8BFA0A152D11}.Staging|Any CPU.Build.0 = Staging|Any CPU
		{D649C735-9336-4B7A-AFC5-8BFA0A152D11}.Release|Any CPU.ActiveCfg = Release|Any CPU
		{D649C735-9336-4B7A-AFC5-8BFA0A152D11}.Release|Any CPU.Build.0 = Release|Any CPU
		{D649C735-9336-4B7A-AFC5-8BFA0A152D11}.Testing|Any CPU.ActiveCfg = Testing|Any CPU
		{D649C735-9336-4B7A-AFC5-8BFA0A152D11}.Testing|Any CPU.Build.0 = Testing|Any CPU
	EndGlobalSection
	GlobalSection(SolutionProperties) = preSolution
		HideSolutionNode = FALSE
	EndGlobalSection
	GlobalSection(NestedProjects) = preSolution
		{85F0D8BA-1A6B-4428-A22E-CB26D30BC347} = {8252B9F4-BBBD-4357-BF35-A5FECF57EE90}
		{A1FAA18A-1C5F-4531-B9EA-6343A96ED056} = {8252B9F4-BBBD-4357-BF35-A5FECF57EE90}
		{DB6E8F09-C063-4EEF-B0E4-52C48FAD043C} = {8252B9F4-BBBD-4357-BF35-A5FECF57EE90}
		{C793EB6B-7CFD-47E1-8A4A-F447C2A90EF8} = {8252B9F4-BBBD-4357-BF35-A5FECF57EE90}
		{81041E07-ACF6-4C03-A68F-1826A3A8810F} = {8252B9F4-BBBD-4357-BF35-A5FECF57EE90}
		{4B6D5109-A1CD-4D00-921E-73FEB20F24B9} = {8252B9F4-BBBD-4357-BF35-A5FECF57EE90}
		{808A04AF-7EDA-4BBD-AFD2-05CE043E9177} = {8252B9F4-BBBD-4357-BF35-A5FECF57EE90}
		{BB519E8D-ED89-4AC6-9893-43A6A4081AE1} = {8252B9F4-BBBD-4357-BF35-A5FECF57EE90}
		{D649C735-9336-4B7A-AFC5-8BFA0A152D11} = {8252B9F4-BBBD-4357-BF35-A5FECF57EE90}
	EndGlobalSection
	GlobalSection(ExtensibilityGlobals) = postSolution
		SolutionGuid = {815D472F-A673-417F-B531-EC6F2F04F0B4}
	EndGlobalSection
EndGlobal
