Microsoft Visual Studio Solution File, Format Version 12.00
Project("{9A19103F-16F7-4668-BE54-9A1E7A4F7556}") = "SendPulse.Identity", "SendPulse.Identity.csproj", "{BDCF3FFA-F22F-46FB-A73A-83E80AD86EFA}"
EndProject
Global
	GlobalSection(SolutionConfigurationPlatforms) = preSolution
		Local|Any CPU = Local|Any CPU
		Debug|Any CPU = Debug|Any CPU
		Staging|Any CPU = Staging|Any CPU
		Release|Any CPU = Release|Any CPU
		Testing|Any CPU = Testing|Any CPU
	EndGlobalSection
	GlobalSection(ProjectConfigurationPlatforms) = postSolution
		{BDCF3FFA-F22F-46FB-A73A-83E80AD86EFA}.Local|Any CPU.ActiveCfg = Local|Any CPU
		{BDCF3FFA-F22F-46FB-A73A-83E80AD86EFA}.Local|Any CPU.Build.0 = Local|Any CPU
		{BDCF3FFA-F22F-46FB-A73A-83E80AD86EFA}.Debug|Any CPU.ActiveCfg = Debug|Any CPU
		{BDCF3FFA-F22F-46FB-A73A-83E80AD86EFA}.Debug|Any CPU.Build.0 = Debug|Any CPU
		{BDCF3FFA-F22F-46FB-A73A-83E80AD86EFA}.Staging|Any CPU.ActiveCfg = Staging|Any CPU
		{BDCF3FFA-F22F-46FB-A73A-83E80AD86EFA}.Staging|Any CPU.Build.0 = Staging|Any CPU
		{BDCF3FFA-F22F-46FB-A73A-83E80AD86EFA}.Release|Any CPU.ActiveCfg = Release|Any CPU
		{BDCF3FFA-F22F-46FB-A73A-83E80AD86EFA}.Release|Any CPU.Build.0 = Release|Any CPU
		{BDCF3FFA-F22F-46FB-A73A-83E80AD86EFA}.Testing|Any CPU.ActiveCfg = Testing|Any CPU
		{BDCF3FFA-F22F-46FB-A73A-83E80AD86EFA}.Testing|Any CPU.Build.0 = Testing|Any CPU
	EndGlobalSection
	GlobalSection(SolutionProperties) = preSolution
		HideSolutionNode = FALSE
	EndGlobalSection
	GlobalSection(ExtensibilityGlobals) = postSolution
		SolutionGuid = {15501FC4-DE09-41C4-83F8-D01B0274DB0C}
	EndGlobalSection
EndGlobal
