Microsoft Visual Studio Solution File, Format Version 12.00
Project("{9A19103F-16F7-4668-BE54-9A1E7A4F7556}") = "SendPulse.Telegram", "SendPulse.Telegram.csproj", "{22B0AB70-ABA8-4779-A8FB-F0972C460A85}"
EndProject
Project("{2150E333-8FDC-42A3-9474-1A3956D46DE8}") = "src", "src", "{3D41CEA1-A22B-4A6D-9AAC-B5AAACF6AB49}"
EndProject
Global
	GlobalSection(SolutionConfigurationPlatforms) = preSolution
		Local|Any CPU = Local|Any CPU
		Debug|Any CPU = Debug|Any CPU
		Staging|Any CPU = Staging|Any CPU
		Release|Any CPU = Release|Any CPU
		Testing|Any CPU = Testing|Any CPU
	EndGlobalSection
	GlobalSection(ProjectConfigurationPlatforms) = postSolution
		{22B0AB70-ABA8-4779-A8FB-F0972C460A85}.Local|Any CPU.ActiveCfg = Local|Any CPU
		{22B0AB70-ABA8-4779-A8FB-F0972C460A85}.Local|Any CPU.Build.0 = Local|Any CPU
		{22B0AB70-ABA8-4779-A8FB-F0972C460A85}.Debug|Any CPU.ActiveCfg = Debug|Any CPU
		{22B0AB70-ABA8-4779-A8FB-F0972C460A85}.Debug|Any CPU.Build.0 = Debug|Any CPU
		{22B0AB70-ABA8-4779-A8FB-F0972C460A85}.Staging|Any CPU.ActiveCfg = Staging|Any CPU
		{22B0AB70-ABA8-4779-A8FB-F0972C460A85}.Staging|Any CPU.Build.0 = Staging|Any CPU
		{22B0AB70-ABA8-4779-A8FB-F0972C460A85}.Release|Any CPU.ActiveCfg = Release|Any CPU
		{22B0AB70-ABA8-4779-A8FB-F0972C460A85}.Release|Any CPU.Build.0 = Release|Any CPU
		{22B0AB70-ABA8-4779-A8FB-F0972C460A85}.Testing|Any CPU.ActiveCfg = Testing|Any CPU
		{22B0AB70-ABA8-4779-A8FB-F0972C460A85}.Testing|Any CPU.Build.0 = Testing|Any CPU
	EndGlobalSection
	GlobalSection(SolutionProperties) = preSolution
		HideSolutionNode = FALSE
	EndGlobalSection
	GlobalSection(NestedProjects) = preSolution
		{22B0AB70-ABA8-4779-A8FB-F0972C460A85} = {3D41CEA1-A22B-4A6D-9AAC-B5AAACF6AB49}
	EndGlobalSection
	GlobalSection(ExtensibilityGlobals) = postSolution
		SolutionGuid = {FC429AFC-95EC-48EE-AE82-3C7AD73072DB}
	EndGlobalSection
EndGlobal
