Microsoft Visual Studio Solution File, Format Version 12.00
Project("{9A19103F-16F7-4668-BE54-9A1E7A4F7556}") = "SendPulse.Api", "SendPulse.Api.csproj", "{48C4EB9D-C680-4679-AF19-75D776414E89}"
EndProject
Global
	GlobalSection(SolutionConfigurationPlatforms) = preSolution
		Local|Any CPU = Local|Any CPU
		Debug|Any CPU = Debug|Any CPU
		Staging|Any CPU = Staging|Any CPU
		Release|Any CPU = Release|Any CPU
		Testing|Any CPU = Testing|Any CPU
	EndGlobalSection
	GlobalSection(ProjectConfigurationPlatforms) = postSolution
		{48C4EB9D-C680-4679-AF19-75D776414E89}.Local|Any CPU.ActiveCfg = Local|Any CPU
		{48C4EB9D-C680-4679-AF19-75D776414E89}.Local|Any CPU.Build.0 = Local|Any CPU
		{48C4EB9D-C680-4679-AF19-75D776414E89}.Debug|Any CPU.ActiveCfg = Debug|Any CPU
		{48C4EB9D-C680-4679-AF19-75D776414E89}.Debug|Any CPU.Build.0 = Debug|Any CPU
		{48C4EB9D-C680-4679-AF19-75D776414E89}.Staging|Any CPU.ActiveCfg = Staging|Any CPU
		{48C4EB9D-C680-4679-AF19-75D776414E89}.Staging|Any CPU.Build.0 = Staging|Any CPU
		{48C4EB9D-C680-4679-AF19-75D776414E89}.Release|Any CPU.ActiveCfg = Release|Any CPU
		{48C4EB9D-C680-4679-AF19-75D776414E89}.Release|Any CPU.Build.0 = Release|Any CPU
		{48C4EB9D-C680-4679-AF19-75D776414E89}.Testing|Any CPU.ActiveCfg = Testing|Any CPU
		{48C4EB9D-C680-4679-AF19-75D776414E89}.Testing|Any CPU.Build.0 = Testing|Any CPU
	EndGlobalSection
	GlobalSection(SolutionProperties) = preSolution
		HideSolutionNode = FALSE
	EndGlobalSection
	GlobalSection(ExtensibilityGlobals) = postSolution
		SolutionGuid = {E85D059B-CE67-48B1-9DEA-1AF5CD4B1CA9}
	EndGlobalSection
EndGlobal
