Microsoft Visual Studio Solution File, Format Version 12.00
Project("{FAE04EC0-301F-11D3-BF4B-00C04F79EFBC}") = "SendPulse.Api.All", "SendPulse.Api.All.csproj", "{864796BE-6CCF-4F41-AF8A-414B09DA7297}"
EndProject
Project("{9A19103F-16F7-4668-BE54-9A1E7A4F7556}") = "SendPulse.Api.Abstractions", "Abstractions\SendPulse.Api.Abstractions.csproj", "{6D3A0DE6-DBAC-4940-A25B-0D2C3B365948}"
EndProject
Project("{9A19103F-16F7-4668-BE54-9A1E7A4F7556}") = "SendPulse.Api", "Api\SendPulse.Api.csproj", "{5D6A2941-129A-4E81-8FDD-1AF35153B93C}"
EndProject
Project("{9A19103F-16F7-4668-BE54-9A1E7A4F7556}") = "SendPulse.Api.Models", "Models\SendPulse.Api.Models.csproj", "{8F2D9150-543F-4732-933F-2F2453F16EA7}"
EndProject
Project("{2150E333-8FDC-42A3-9474-1A3956D46DE8}") = "src", "src", "{2F6A6FBF-5BDB-4076-88B0-871BBEC61FC6}"
EndProject
Global
	GlobalSection(SolutionConfigurationPlatforms) = preSolution
		Local|Any CPU = Local|Any CPU
		Debug|Any CPU = Debug|Any CPU
		Staging|Any CPU = Staging|Any CPU
		Release|Any CPU = Release|Any CPU
		Testing|Any CPU = Testing|Any CPU
		Dev|Any CPU = Dev|Any CPU
		Stage|Any CPU = Stage|Any CPU
	EndGlobalSection
	GlobalSection(ProjectConfigurationPlatforms) = postSolution
		{864796BE-6CCF-4F41-AF8A-414B09DA7297}.Local|Any CPU.ActiveCfg = Local|Any CPU
		{864796BE-6CCF-4F41-AF8A-414B09DA7297}.Local|Any CPU.Build.0 = Local|Any CPU
		{864796BE-6CCF-4F41-AF8A-414B09DA7297}.Debug|Any CPU.ActiveCfg = Debug|Any CPU
		{864796BE-6CCF-4F41-AF8A-414B09DA7297}.Debug|Any CPU.Build.0 = Debug|Any CPU
		{864796BE-6CCF-4F41-AF8A-414B09DA7297}.Staging|Any CPU.ActiveCfg = Staging|Any CPU
		{864796BE-6CCF-4F41-AF8A-414B09DA7297}.Staging|Any CPU.Build.0 = Staging|Any CPU
		{864796BE-6CCF-4F41-AF8A-414B09DA7297}.Release|Any CPU.ActiveCfg = Release|Any CPU
		{864796BE-6CCF-4F41-AF8A-414B09DA7297}.Release|Any CPU.Build.0 = Release|Any CPU
		{864796BE-6CCF-4F41-AF8A-414B09DA7297}.Testing|Any CPU.ActiveCfg = Testing|Any CPU
		{864796BE-6CCF-4F41-AF8A-414B09DA7297}.Testing|Any CPU.Build.0 = Testing|Any CPU
		{864796BE-6CCF-4F41-AF8A-414B09DA7297}.Dev|Any CPU.ActiveCfg = Dev|Any CPU
		{864796BE-6CCF-4F41-AF8A-414B09DA7297}.Dev|Any CPU.Build.0 = Dev|Any CPU
		{864796BE-6CCF-4F41-AF8A-414B09DA7297}.Stage|Any CPU.ActiveCfg = Stage|Any CPU
		{864796BE-6CCF-4F41-AF8A-414B09DA7297}.Stage|Any CPU.Build.0 = Stage|Any CPU
		{6D3A0DE6-DBAC-4940-A25B-0D2C3B365948}.Local|Any CPU.ActiveCfg = Local|Any CPU
		{6D3A0DE6-DBAC-4940-A25B-0D2C3B365948}.Local|Any CPU.Build.0 = Local|Any CPU
		{6D3A0DE6-DBAC-4940-A25B-0D2C3B365948}.Debug|Any CPU.ActiveCfg = Debug|Any CPU
		{6D3A0DE6-DBAC-4940-A25B-0D2C3B365948}.Debug|Any CPU.Build.0 = Debug|Any CPU
		{6D3A0DE6-DBAC-4940-A25B-0D2C3B365948}.Staging|Any CPU.ActiveCfg = Staging|Any CPU
		{6D3A0DE6-DBAC-4940-A25B-0D2C3B365948}.Staging|Any CPU.Build.0 = Staging|Any CPU
		{6D3A0DE6-DBAC-4940-A25B-0D2C3B365948}.Release|Any CPU.ActiveCfg = Release|Any CPU
		{6D3A0DE6-DBAC-4940-A25B-0D2C3B365948}.Release|Any CPU.Build.0 = Release|Any CPU
		{6D3A0DE6-DBAC-4940-A25B-0D2C3B365948}.Testing|Any CPU.ActiveCfg = Testing|Any CPU
		{6D3A0DE6-DBAC-4940-A25B-0D2C3B365948}.Testing|Any CPU.Build.0 = Testing|Any CPU
		{6D3A0DE6-DBAC-4940-A25B-0D2C3B365948}.Dev|Any CPU.ActiveCfg = Local|Any CPU
		{6D3A0DE6-DBAC-4940-A25B-0D2C3B365948}.Stage|Any CPU.ActiveCfg = Local|Any CPU
		{5D6A2941-129A-4E81-8FDD-1AF35153B93C}.Local|Any CPU.ActiveCfg = Local|Any CPU
		{5D6A2941-129A-4E81-8FDD-1AF35153B93C}.Local|Any CPU.Build.0 = Local|Any CPU
		{5D6A2941-129A-4E81-8FDD-1AF35153B93C}.Debug|Any CPU.ActiveCfg = Debug|Any CPU
		{5D6A2941-129A-4E81-8FDD-1AF35153B93C}.Debug|Any CPU.Build.0 = Debug|Any CPU
		{5D6A2941-129A-4E81-8FDD-1AF35153B93C}.Staging|Any CPU.ActiveCfg = Staging|Any CPU
		{5D6A2941-129A-4E81-8FDD-1AF35153B93C}.Staging|Any CPU.Build.0 = Staging|Any CPU
		{5D6A2941-129A-4E81-8FDD-1AF35153B93C}.Release|Any CPU.ActiveCfg = Release|Any CPU
		{5D6A2941-129A-4E81-8FDD-1AF35153B93C}.Release|Any CPU.Build.0 = Release|Any CPU
		{5D6A2941-129A-4E81-8FDD-1AF35153B93C}.Testing|Any CPU.ActiveCfg = Testing|Any CPU
		{5D6A2941-129A-4E81-8FDD-1AF35153B93C}.Testing|Any CPU.Build.0 = Testing|Any CPU
		{5D6A2941-129A-4E81-8FDD-1AF35153B93C}.Dev|Any CPU.ActiveCfg = Local|Any CPU
		{5D6A2941-129A-4E81-8FDD-1AF35153B93C}.Stage|Any CPU.ActiveCfg = Local|Any CPU
		{8F2D9150-543F-4732-933F-2F2453F16EA7}.Local|Any CPU.ActiveCfg = Local|Any CPU
		{8F2D9150-543F-4732-933F-2F2453F16EA7}.Local|Any CPU.Build.0 = Local|Any CPU
		{8F2D9150-543F-4732-933F-2F2453F16EA7}.Debug|Any CPU.ActiveCfg = Debug|Any CPU
		{8F2D9150-543F-4732-933F-2F2453F16EA7}.Debug|Any CPU.Build.0 = Debug|Any CPU
		{8F2D9150-543F-4732-933F-2F2453F16EA7}.Staging|Any CPU.ActiveCfg = Staging|Any CPU
		{8F2D9150-543F-4732-933F-2F2453F16EA7}.Staging|Any CPU.Build.0 = Staging|Any CPU
		{8F2D9150-543F-4732-933F-2F2453F16EA7}.Release|Any CPU.ActiveCfg = Release|Any CPU
		{8F2D9150-543F-4732-933F-2F2453F16EA7}.Release|Any CPU.Build.0 = Release|Any CPU
		{8F2D9150-543F-4732-933F-2F2453F16EA7}.Testing|Any CPU.ActiveCfg = Testing|Any CPU
		{8F2D9150-543F-4732-933F-2F2453F16EA7}.Testing|Any CPU.Build.0 = Testing|Any CPU
		{8F2D9150-543F-4732-933F-2F2453F16EA7}.Dev|Any CPU.ActiveCfg = Local|Any CPU
		{8F2D9150-543F-4732-933F-2F2453F16EA7}.Stage|Any CPU.ActiveCfg = Local|Any CPU
	EndGlobalSection
	GlobalSection(SolutionProperties) = preSolution
		HideSolutionNode = FALSE
	EndGlobalSection
	GlobalSection(NestedProjects) = preSolution
		{864796BE-6CCF-4F41-AF8A-414B09DA7297} = {2F6A6FBF-5BDB-4076-88B0-871BBEC61FC6}
		{6D3A0DE6-DBAC-4940-A25B-0D2C3B365948} = {2F6A6FBF-5BDB-4076-88B0-871BBEC61FC6}
		{5D6A2941-129A-4E81-8FDD-1AF35153B93C} = {2F6A6FBF-5BDB-4076-88B0-871BBEC61FC6}
		{8F2D9150-543F-4732-933F-2F2453F16EA7} = {2F6A6FBF-5BDB-4076-88B0-871BBEC61FC6}
	EndGlobalSection
	GlobalSection(ExtensibilityGlobals) = postSolution
		SolutionGuid = {675D3057-AB25-49B5-9662-A3FD85E44EB8}
	EndGlobalSection
EndGlobal
