Microsoft Visual Studio Solution File, Format Version 12.00
Project("{FAE04EC0-301F-11D3-BF4B-00C04F79EFBC}") = "SendPulse", "SendPulse.csproj", "{85F0D8BA-1A6B-4428-A22E-CB26D30BC347}"
EndProject
Project("{9A19103F-16F7-4668-BE54-9A1E7A4F7556}") = "SendPulse.Api.Abstractions", "api\src\Abstractions\SendPulse.Api.Abstractions.csproj", "{C3D88FB7-0650-4202-9B12-6394B24FB370}"
EndProject
Project("{9A19103F-16F7-4668-BE54-9A1E7A4F7556}") = "SendPulse.Api", "api\src\Api\SendPulse.Api.csproj", "{8BA70803-CF3E-4BD5-9A00-0DE9846CA157}"
EndProject
Project("{9A19103F-16F7-4668-BE54-9A1E7A4F7556}") = "SendPulse.Api.Models", "api\src\Models\SendPulse.Api.Models.csproj", "{48063A0D-9F4E-46B8-A5A8-AE63B9D9882E}"
EndProject
Project("{FAE04EC0-301F-11D3-BF4B-00C04F79EFBC}") = "SendPulse.Api.All", "api\src\SendPulse.Api.All.csproj", "{ED64FADA-CE0C-4778-9FF7-B7DEEEBA101F}"
EndProject
Project("{9A19103F-16F7-4668-BE54-9A1E7A4F7556}") = "SendPulse.Data", "Data\SendPulse.Data.csproj", "{052B3E29-7C78-4A9F-B0DD-63AE1149E3DD}"
EndProject
Project("{9A19103F-16F7-4668-BE54-9A1E7A4F7556}") = "SendPulse.Identity", "Identity\SendPulse.Identity.csproj", "{37A7039B-15E5-476E-8AD4-4692E09A0C0F}"
EndProject
Project("{9A19103F-16F7-4668-BE54-9A1E7A4F7556}") = "Sync", "Sync\Sync.csproj", "{44E940B1-F8AB-4B54-921D-9EBADE9D2F30}"
EndProject
Project("{9A19103F-16F7-4668-BE54-9A1E7A4F7556}") = "SendPulse.Telegram", "Telegram\SendPulse.Telegram.csproj", "{2B35FE61-E754-4F46-87DB-F2EAA8E3FFDA}"
EndProject
Project("{2150E333-8FDC-42A3-9474-1A3956D46DE8}") = "src", "src", "{8252B9F4-BBBD-4357-BF35-A5FECF57EE90}"
EndProject
Global
	GlobalSection(SolutionConfigurationPlatforms) = preSolution
		Local|Any CPU = Local|Any CPU
		Debug|Any CPU = Debug|Any CPU
		Staging|Any CPU = Staging|Any CPU
		Release|Any CPU = Release|Any CPU
		Testing|Any CPU = Testing|Any CPU
		Dev|Any CPU = Dev|Any CPU
		Stage|Any CPU = Stage|Any CPU
	EndGlobalSection
	GlobalSection(ProjectConfigurationPlatforms) = postSolution
		{85F0D8BA-1A6B-4428-A22E-CB26D30BC347}.Local|Any CPU.ActiveCfg = Local|Any CPU
		{85F0D8BA-1A6B-4428-A22E-CB26D30BC347}.Local|Any CPU.Build.0 = Local|Any CPU
		{85F0D8BA-1A6B-4428-A22E-CB26D30BC347}.Debug|Any CPU.ActiveCfg = Debug|Any CPU
		{85F0D8BA-1A6B-4428-A22E-CB26D30BC347}.Debug|Any CPU.Build.0 = Debug|Any CPU
		{85F0D8BA-1A6B-4428-A22E-CB26D30BC347}.Staging|Any CPU.ActiveCfg = Staging|Any CPU
		{85F0D8BA-1A6B-4428-A22E-CB26D30BC347}.Staging|Any CPU.Build.0 = Staging|Any CPU
		{85F0D8BA-1A6B-4428-A22E-CB26D30BC347}.Release|Any CPU.ActiveCfg = Release|Any CPU
		{85F0D8BA-1A6B-4428-A22E-CB26D30BC347}.Release|Any CPU.Build.0 = Release|Any CPU
		{85F0D8BA-1A6B-4428-A22E-CB26D30BC347}.Testing|Any CPU.ActiveCfg = Testing|Any CPU
		{85F0D8BA-1A6B-4428-A22E-CB26D30BC347}.Testing|Any CPU.Build.0 = Testing|Any CPU
		{85F0D8BA-1A6B-4428-A22E-CB26D30BC347}.Dev|Any CPU.ActiveCfg = Dev|Any CPU
		{85F0D8BA-1A6B-4428-A22E-CB26D30BC347}.Dev|Any CPU.Build.0 = Dev|Any CPU
		{85F0D8BA-1A6B-4428-A22E-CB26D30BC347}.Stage|Any CPU.ActiveCfg = Stage|Any CPU
		{85F0D8BA-1A6B-4428-A22E-CB26D30BC347}.Stage|Any CPU.Build.0 = Stage|Any CPU
		{C3D88FB7-0650-4202-9B12-6394B24FB370}.Local|Any CPU.ActiveCfg = Local|Any CPU
		{C3D88FB7-0650-4202-9B12-6394B24FB370}.Local|Any CPU.Build.0 = Local|Any CPU
		{C3D88FB7-0650-4202-9B12-6394B24FB370}.Debug|Any CPU.ActiveCfg = Debug|Any CPU
		{C3D88FB7-0650-4202-9B12-6394B24FB370}.Debug|Any CPU.Build.0 = Debug|Any CPU
		{C3D88FB7-0650-4202-9B12-6394B24FB370}.Staging|Any CPU.ActiveCfg = Staging|Any CPU
		{C3D88FB7-0650-4202-9B12-6394B24FB370}.Staging|Any CPU.Build.0 = Staging|Any CPU
		{C3D88FB7-0650-4202-9B12-6394B24FB370}.Release|Any CPU.ActiveCfg = Release|Any CPU
		{C3D88FB7-0650-4202-9B12-6394B24FB370}.Release|Any CPU.Build.0 = Release|Any CPU
		{C3D88FB7-0650-4202-9B12-6394B24FB370}.Testing|Any CPU.ActiveCfg = Testing|Any CPU
		{C3D88FB7-0650-4202-9B12-6394B24FB370}.Testing|Any CPU.Build.0 = Testing|Any CPU
		{C3D88FB7-0650-4202-9B12-6394B24FB370}.Dev|Any CPU.ActiveCfg = Local|Any CPU
		{C3D88FB7-0650-4202-9B12-6394B24FB370}.Stage|Any CPU.ActiveCfg = Local|Any CPU
		{8BA70803-CF3E-4BD5-9A00-0DE9846CA157}.Local|Any CPU.ActiveCfg = Local|Any CPU
		{8BA70803-CF3E-4BD5-9A00-0DE9846CA157}.Local|Any CPU.Build.0 = Local|Any CPU
		{8BA70803-CF3E-4BD5-9A00-0DE9846CA157}.Debug|Any CPU.ActiveCfg = Debug|Any CPU
		{8BA70803-CF3E-4BD5-9A00-0DE9846CA157}.Debug|Any CPU.Build.0 = Debug|Any CPU
		{8BA70803-CF3E-4BD5-9A00-0DE9846CA157}.Staging|Any CPU.ActiveCfg = Staging|Any CPU
		{8BA70803-CF3E-4BD5-9A00-0DE9846CA157}.Staging|Any CPU.Build.0 = Staging|Any CPU
		{8BA70803-CF3E-4BD5-9A00-0DE9846CA157}.Release|Any CPU.ActiveCfg = Release|Any CPU
		{8BA70803-CF3E-4BD5-9A00-0DE9846CA157}.Release|Any CPU.Build.0 = Release|Any CPU
		{8BA70803-CF3E-4BD5-9A00-0DE9846CA157}.Testing|Any CPU.ActiveCfg = Testing|Any CPU
		{8BA70803-CF3E-4BD5-9A00-0DE9846CA157}.Testing|Any CPU.Build.0 = Testing|Any CPU
		{8BA70803-CF3E-4BD5-9A00-0DE9846CA157}.Dev|Any CPU.ActiveCfg = Local|Any CPU
		{8BA70803-CF3E-4BD5-9A00-0DE9846CA157}.Stage|Any CPU.ActiveCfg = Local|Any CPU
		{48063A0D-9F4E-46B8-A5A8-AE63B9D9882E}.Local|Any CPU.ActiveCfg = Local|Any CPU
		{48063A0D-9F4E-46B8-A5A8-AE63B9D9882E}.Local|Any CPU.Build.0 = Local|Any CPU
		{48063A0D-9F4E-46B8-A5A8-AE63B9D9882E}.Debug|Any CPU.ActiveCfg = Debug|Any CPU
		{48063A0D-9F4E-46B8-A5A8-AE63B9D9882E}.Debug|Any CPU.Build.0 = Debug|Any CPU
		{48063A0D-9F4E-46B8-A5A8-AE63B9D9882E}.Staging|Any CPU.ActiveCfg = Staging|Any CPU
		{48063A0D-9F4E-46B8-A5A8-AE63B9D9882E}.Staging|Any CPU.Build.0 = Staging|Any CPU
		{48063A0D-9F4E-46B8-A5A8-AE63B9D9882E}.Release|Any CPU.ActiveCfg = Release|Any CPU
		{48063A0D-9F4E-46B8-A5A8-AE63B9D9882E}.Release|Any CPU.Build.0 = Release|Any CPU
		{48063A0D-9F4E-46B8-A5A8-AE63B9D9882E}.Testing|Any CPU.ActiveCfg = Testing|Any CPU
		{48063A0D-9F4E-46B8-A5A8-AE63B9D9882E}.Testing|Any CPU.Build.0 = Testing|Any CPU
		{48063A0D-9F4E-46B8-A5A8-AE63B9D9882E}.Dev|Any CPU.ActiveCfg = Local|Any CPU
		{48063A0D-9F4E-46B8-A5A8-AE63B9D9882E}.Stage|Any CPU.ActiveCfg = Local|Any CPU
		{ED64FADA-CE0C-4778-9FF7-B7DEEEBA101F}.Local|Any CPU.ActiveCfg = Local|Any CPU
		{ED64FADA-CE0C-4778-9FF7-B7DEEEBA101F}.Local|Any CPU.Build.0 = Local|Any CPU
		{ED64FADA-CE0C-4778-9FF7-B7DEEEBA101F}.Debug|Any CPU.ActiveCfg = Debug|Any CPU
		{ED64FADA-CE0C-4778-9FF7-B7DEEEBA101F}.Debug|Any CPU.Build.0 = Debug|Any CPU
		{ED64FADA-CE0C-4778-9FF7-B7DEEEBA101F}.Staging|Any CPU.ActiveCfg = Staging|Any CPU
		{ED64FADA-CE0C-4778-9FF7-B7DEEEBA101F}.Staging|Any CPU.Build.0 = Staging|Any CPU
		{ED64FADA-CE0C-4778-9FF7-B7DEEEBA101F}.Release|Any CPU.ActiveCfg = Release|Any CPU
		{ED64FADA-CE0C-4778-9FF7-B7DEEEBA101F}.Release|Any CPU.Build.0 = Release|Any CPU
		{ED64FADA-CE0C-4778-9FF7-B7DEEEBA101F}.Testing|Any CPU.ActiveCfg = Testing|Any CPU
		{ED64FADA-CE0C-4778-9FF7-B7DEEEBA101F}.Testing|Any CPU.Build.0 = Testing|Any CPU
		{ED64FADA-CE0C-4778-9FF7-B7DEEEBA101F}.Dev|Any CPU.ActiveCfg = Dev|Any CPU
		{ED64FADA-CE0C-4778-9FF7-B7DEEEBA101F}.Dev|Any CPU.Build.0 = Dev|Any CPU
		{ED64FADA-CE0C-4778-9FF7-B7DEEEBA101F}.Stage|Any CPU.ActiveCfg = Stage|Any CPU
		{ED64FADA-CE0C-4778-9FF7-B7DEEEBA101F}.Stage|Any CPU.Build.0 = Stage|Any CPU
		{052B3E29-7C78-4A9F-B0DD-63AE1149E3DD}.Local|Any CPU.ActiveCfg = Local|Any CPU
		{052B3E29-7C78-4A9F-B0DD-63AE1149E3DD}.Local|Any CPU.Build.0 = Local|Any CPU
		{052B3E29-7C78-4A9F-B0DD-63AE1149E3DD}.Debug|Any CPU.ActiveCfg = Debug|Any CPU
		{052B3E29-7C78-4A9F-B0DD-63AE1149E3DD}.Debug|Any CPU.Build.0 = Debug|Any CPU
		{052B3E29-7C78-4A9F-B0DD-63AE1149E3DD}.Staging|Any CPU.ActiveCfg = Staging|Any CPU
		{052B3E29-7C78-4A9F-B0DD-63AE1149E3DD}.Staging|Any CPU.Build.0 = Staging|Any CPU
		{052B3E29-7C78-4A9F-B0DD-63AE1149E3DD}.Release|Any CPU.ActiveCfg = Release|Any CPU
		{052B3E29-7C78-4A9F-B0DD-63AE1149E3DD}.Release|Any CPU.Build.0 = Release|Any CPU
		{052B3E29-7C78-4A9F-B0DD-63AE1149E3DD}.Testing|Any CPU.ActiveCfg = Testing|Any CPU
		{052B3E29-7C78-4A9F-B0DD-63AE1149E3DD}.Testing|Any CPU.Build.0 = Testing|Any CPU
		{052B3E29-7C78-4A9F-B0DD-63AE1149E3DD}.Dev|Any CPU.ActiveCfg = Local|Any CPU
		{052B3E29-7C78-4A9F-B0DD-63AE1149E3DD}.Stage|Any CPU.ActiveCfg = Local|Any CPU
		{37A7039B-15E5-476E-8AD4-4692E09A0C0F}.Local|Any CPU.ActiveCfg = Local|Any CPU
		{37A7039B-15E5-476E-8AD4-4692E09A0C0F}.Local|Any CPU.Build.0 = Local|Any CPU
		{37A7039B-15E5-476E-8AD4-4692E09A0C0F}.Debug|Any CPU.ActiveCfg = Debug|Any CPU
		{37A7039B-15E5-476E-8AD4-4692E09A0C0F}.Debug|Any CPU.Build.0 = Debug|Any CPU
		{37A7039B-15E5-476E-8AD4-4692E09A0C0F}.Staging|Any CPU.ActiveCfg = Staging|Any CPU
		{37A7039B-15E5-476E-8AD4-4692E09A0C0F}.Staging|Any CPU.Build.0 = Staging|Any CPU
		{37A7039B-15E5-476E-8AD4-4692E09A0C0F}.Release|Any CPU.ActiveCfg = Release|Any CPU
		{37A7039B-15E5-476E-8AD4-4692E09A0C0F}.Release|Any CPU.Build.0 = Release|Any CPU
		{37A7039B-15E5-476E-8AD4-4692E09A0C0F}.Testing|Any CPU.ActiveCfg = Testing|Any CPU
		{37A7039B-15E5-476E-8AD4-4692E09A0C0F}.Testing|Any CPU.Build.0 = Testing|Any CPU
		{37A7039B-15E5-476E-8AD4-4692E09A0C0F}.Dev|Any CPU.ActiveCfg = Local|Any CPU
		{37A7039B-15E5-476E-8AD4-4692E09A0C0F}.Stage|Any CPU.ActiveCfg = Local|Any CPU
		{44E940B1-F8AB-4B54-921D-9EBADE9D2F30}.Local|Any CPU.ActiveCfg = Local|Any CPU
		{44E940B1-F8AB-4B54-921D-9EBADE9D2F30}.Local|Any CPU.Build.0 = Local|Any CPU
		{44E940B1-F8AB-4B54-921D-9EBADE9D2F30}.Debug|Any CPU.ActiveCfg = Debug|Any CPU
		{44E940B1-F8AB-4B54-921D-9EBADE9D2F30}.Debug|Any CPU.Build.0 = Debug|Any CPU
		{44E940B1-F8AB-4B54-921D-9EBADE9D2F30}.Staging|Any CPU.ActiveCfg = Staging|Any CPU
		{44E940B1-F8AB-4B54-921D-9EBADE9D2F30}.Staging|Any CPU.Build.0 = Staging|Any CPU
		{44E940B1-F8AB-4B54-921D-9EBADE9D2F30}.Release|Any CPU.ActiveCfg = Release|Any CPU
		{44E940B1-F8AB-4B54-921D-9EBADE9D2F30}.Release|Any CPU.Build.0 = Release|Any CPU
		{44E940B1-F8AB-4B54-921D-9EBADE9D2F30}.Testing|Any CPU.ActiveCfg = Testing|Any CPU
		{44E940B1-F8AB-4B54-921D-9EBADE9D2F30}.Testing|Any CPU.Build.0 = Testing|Any CPU
		{44E940B1-F8AB-4B54-921D-9EBADE9D2F30}.Dev|Any CPU.ActiveCfg = Local|Any CPU
		{44E940B1-F8AB-4B54-921D-9EBADE9D2F30}.Stage|Any CPU.ActiveCfg = Local|Any CPU
		{2B35FE61-E754-4F46-87DB-F2EAA8E3FFDA}.Local|Any CPU.ActiveCfg = Local|Any CPU
		{2B35FE61-E754-4F46-87DB-F2EAA8E3FFDA}.Local|Any CPU.Build.0 = Local|Any CPU
		{2B35FE61-E754-4F46-87DB-F2EAA8E3FFDA}.Debug|Any CPU.ActiveCfg = Debug|Any CPU
		{2B35FE61-E754-4F46-87DB-F2EAA8E3FFDA}.Debug|Any CPU.Build.0 = Debug|Any CPU
		{2B35FE61-E754-4F46-87DB-F2EAA8E3FFDA}.Staging|Any CPU.ActiveCfg = Staging|Any CPU
		{2B35FE61-E754-4F46-87DB-F2EAA8E3FFDA}.Staging|Any CPU.Build.0 = Staging|Any CPU
		{2B35FE61-E754-4F46-87DB-F2EAA8E3FFDA}.Release|Any CPU.ActiveCfg = Release|Any CPU
		{2B35FE61-E754-4F46-87DB-F2EAA8E3FFDA}.Release|Any CPU.Build.0 = Release|Any CPU
		{2B35FE61-E754-4F46-87DB-F2EAA8E3FFDA}.Testing|Any CPU.ActiveCfg = Testing|Any CPU
		{2B35FE61-E754-4F46-87DB-F2EAA8E3FFDA}.Testing|Any CPU.Build.0 = Testing|Any CPU
		{2B35FE61-E754-4F46-87DB-F2EAA8E3FFDA}.Dev|Any CPU.ActiveCfg = Local|Any CPU
		{2B35FE61-E754-4F46-87DB-F2EAA8E3FFDA}.Stage|Any CPU.ActiveCfg = Local|Any CPU
	EndGlobalSection
	GlobalSection(SolutionProperties) = preSolution
		HideSolutionNode = FALSE
	EndGlobalSection
	GlobalSection(NestedProjects) = preSolution
		{85F0D8BA-1A6B-4428-A22E-CB26D30BC347} = {8252B9F4-BBBD-4357-BF35-A5FECF57EE90}
		{C3D88FB7-0650-4202-9B12-6394B24FB370} = {8252B9F4-BBBD-4357-BF35-A5FECF57EE90}
		{8BA70803-CF3E-4BD5-9A00-0DE9846CA157} = {8252B9F4-BBBD-4357-BF35-A5FECF57EE90}
		{48063A0D-9F4E-46B8-A5A8-AE63B9D9882E} = {8252B9F4-BBBD-4357-BF35-A5FECF57EE90}
		{ED64FADA-CE0C-4778-9FF7-B7DEEEBA101F} = {8252B9F4-BBBD-4357-BF35-A5FECF57EE90}
		{052B3E29-7C78-4A9F-B0DD-63AE1149E3DD} = {8252B9F4-BBBD-4357-BF35-A5FECF57EE90}
		{37A7039B-15E5-476E-8AD4-4692E09A0C0F} = {8252B9F4-BBBD-4357-BF35-A5FECF57EE90}
		{44E940B1-F8AB-4B54-921D-9EBADE9D2F30} = {8252B9F4-BBBD-4357-BF35-A5FECF57EE90}
		{2B35FE61-E754-4F46-87DB-F2EAA8E3FFDA} = {8252B9F4-BBBD-4357-BF35-A5FECF57EE90}
	EndGlobalSection
	GlobalSection(ExtensibilityGlobals) = postSolution
		SolutionGuid = {815D472F-A673-417F-B531-EC6F2F04F0B4}
	EndGlobalSection
EndGlobal
