Microsoft Visual Studio Solution File, Format Version 12.00
Project("{9A19103F-16F7-4668-BE54-9A1E7A4F7556}") = "SendPulse.Api.Models", "SendPulse.Api.Models.csproj", "{58EBB317-0F3B-4B6B-A691-54CDE4B584D8}"
EndProject
Project("{2150E333-8FDC-42A3-9474-1A3956D46DE8}") = "src", "src", "{8F275339-9A71-40F1-8BE2-288C310CB052}"
EndProject
Global
	GlobalSection(SolutionConfigurationPlatforms) = preSolution
		Local|Any CPU = Local|Any CPU
		Debug|Any CPU = Debug|Any CPU
		Staging|Any CPU = Staging|Any CPU
		Release|Any CPU = Release|Any CPU
		Testing|Any CPU = Testing|Any CPU
	EndGlobalSection
	GlobalSection(ProjectConfigurationPlatforms) = postSolution
		{58EBB317-0F3B-4B6B-A691-54CDE4B584D8}.Local|Any CPU.ActiveCfg = Local|Any CPU
		{58EBB317-0F3B-4B6B-A691-54CDE4B584D8}.Local|Any CPU.Build.0 = Local|Any CPU
		{58EBB317-0F3B-4B6B-A691-54CDE4B584D8}.Debug|Any CPU.ActiveCfg = Debug|Any CPU
		{58EBB317-0F3B-4B6B-A691-54CDE4B584D8}.Debug|Any CPU.Build.0 = Debug|Any CPU
		{58EBB317-0F3B-4B6B-A691-54CDE4B584D8}.Staging|Any CPU.ActiveCfg = Staging|Any CPU
		{58EBB317-0F3B-4B6B-A691-54CDE4B584D8}.Staging|Any CPU.Build.0 = Staging|Any CPU
		{58EBB317-0F3B-4B6B-A691-54CDE4B584D8}.Release|Any CPU.ActiveCfg = Release|Any CPU
		{58EBB317-0F3B-4B6B-A691-54CDE4B584D8}.Release|Any CPU.Build.0 = Release|Any CPU
		{58EBB317-0F3B-4B6B-A691-54CDE4B584D8}.Testing|Any CPU.ActiveCfg = Testing|Any CPU
		{58EBB317-0F3B-4B6B-A691-54CDE4B584D8}.Testing|Any CPU.Build.0 = Testing|Any CPU
	EndGlobalSection
	GlobalSection(SolutionProperties) = preSolution
		HideSolutionNode = FALSE
	EndGlobalSection
	GlobalSection(NestedProjects) = preSolution
		{58EBB317-0F3B-4B6B-A691-54CDE4B584D8} = {8F275339-9A71-40F1-8BE2-288C310CB052}
	EndGlobalSection
	GlobalSection(ExtensibilityGlobals) = postSolution
		SolutionGuid = {A04DCD43-608D-4A02-90AA-1007E03CE3E9}
	EndGlobalSection
EndGlobal
